
Microsoft Visual Studio Solution File, Format Version 12.00
# Visual Studio Version 17
VisualStudioVersion = 17.8.34525.116
MinimumVisualStudioVersion = 10.0.40219.1
Project("{2150E333-8FDC-42A3-9474-1A3956D46DE8}") = "src", "src", "{0271BDA0-88FC-4672-A96C-3986061802E6}"
EndProject
Project("{2150E333-8FDC-42A3-9474-1A3956D46DE8}") = "test", "test", "{8D015793-546A-4605-B235-CB595FD6061C}"
EndProject
Project("{9A19103F-16F7-4668-BE54-9A1E7A4F7556}") = "BaSys.Host", "src\BaSys.Host\BaSys.Host.csproj", "{92CC1CAD-943C-41D6-A510-99EE98BADDB4}"
EndProject
Project("{9A19103F-16F7-4668-BE54-9A1E7A4F7556}") = "BaSys.SuperAdmin", "src\BaSys.SuperAdmin\BaSys.SuperAdmin.csproj", "{8D0C639E-A726-4AD3-AEDD-8C1B0238FAA9}"
EndProject
Project("{9A19103F-16F7-4668-BE54-9A1E7A4F7556}") = "BaSys.Shared", "src\BaSys.Shared\BaSys.Shared.csproj", "{386AC061-A817-479E-B34E-A0326DFAAA02}"
EndProject
Project("{9A19103F-16F7-4668-BE54-9A1E7A4F7556}") = "BaSys.Admin", "src\BaSys.Admin\BaSys.Admin.csproj", "{9C8B7B64-250B-42B5-A686-919C9824ECE2}"
EndProject
Project("{9A19103F-16F7-4668-BE54-9A1E7A4F7556}") = "BaSys.Admin.UnitTests", "test\BaSys.Admin.UnitTests\BaSys.Admin.UnitTests.csproj", "{A60EC1E9-92A5-4BD9-A012-39F94243C867}"
EndProject
Project("{9A19103F-16F7-4668-BE54-9A1E7A4F7556}") = "BaSys.Translation", "src\BaSys.Translation\BaSys.Translation.csproj", "{37C79953-38E8-4F6E-A6C3-743BC14E87AE}"
EndProject
Project("{9A19103F-16F7-4668-BE54-9A1E7A4F7556}") = "BaSys.Constructor", "src\BaSys.Constructor\BaSys.Constructor.csproj", "{A931A3D3-313C-44D4-AA6C-BE8AEDDECD05}"
EndProject
Project("{9A19103F-16F7-4668-BE54-9A1E7A4F7556}") = "BaSys.App", "src\BaSys.App\BaSys.App.csproj", "{36F67A48-5F8E-4574-85B3-AE0415C6C2EB}"
EndProject
Project("{9A19103F-16F7-4668-BE54-9A1E7A4F7556}") = "BaSys.Metadata", "src\BaSys.Metadata\BaSys.Metadata.csproj", "{446A4AF2-4F85-4E45-BB18-ADD5108A29D7}"
EndProject
Project("{9A19103F-16F7-4668-BE54-9A1E7A4F7556}") = "BaSys.Host.DAL", "src\BaSys.Host.DAL\BaSys.Host.DAL.csproj", "{429FA84B-D8BA-47DA-AD05-C6B1306434A4}"
EndProject
Project("{9A19103F-16F7-4668-BE54-9A1E7A4F7556}") = "BaSys.Host.Infrastructure", "src\BaSys.Host.Infrastructure\BaSys.Host.Infrastructure.csproj", "{9C112969-8E51-4F9A-A4DD-F81E4D03F0CA}"
EndProject
Project("{9A19103F-16F7-4668-BE54-9A1E7A4F7556}") = "BaSys.SuperAdmin.DAL", "src\BaSys.SuperAdmin.DAL\BaSys.SuperAdmin.DAL.csproj", "{93FE5417-D48D-451A-84C6-88FD7CD95D8D}"
EndProject
Project("{2150E333-8FDC-42A3-9474-1A3956D46DE8}") = "Solution Items", "Solution Items", "{6B0047AF-0980-4282-9BEC-24962F68466E}"
	ProjectSection(SolutionItems) = preProject
		docker-compose.full.yml = docker-compose.full.yml
		docker-compose.local.yml = docker-compose.local.yml
		docker-compose.yml = docker-compose.yml
		Dockerfile = Dockerfile
		README.md = README.md
	EndProjectSection
EndProject
Project("{9A19103F-16F7-4668-BE54-9A1E7A4F7556}") = "BaSys.FluentQueries", "src\BaSys.FluentQueries\BaSys.FluentQueries.csproj", "{18151C66-5707-4350-86D7-64FA839923D8}"
EndProject
Project("{9A19103F-16F7-4668-BE54-9A1E7A4F7556}") = "BaSys.FluentQueries.UnitTests", "test\BaSys.FluentQueries.UnitTests\BaSys.FluentQueries.UnitTests.csproj", "{005225FE-8BE7-4423-A739-69B5385CC3D6}"
EndProject
Project("{9A19103F-16F7-4668-BE54-9A1E7A4F7556}") = "BaSys.Host.Identity", "src\BaSys.Host.Identity\BaSys.Host.Identity.csproj", "{626B8FE0-6113-4484-BD83-3B135B4983F9}"
EndProject
Project("{9A19103F-16F7-4668-BE54-9A1E7A4F7556}") = "BaSys.Logging.Infrastructure", "src\BaSys.Logging.Infrastructure\BaSys.Logging.Infrastructure.csproj", "{659044F9-BA09-4290-BB21-FB360ED54F8A}"
EndProject
Project("{9A19103F-16F7-4668-BE54-9A1E7A4F7556}") = "BaSys.FluentQueries.IntegrationTests", "test\BaSys.FluentQueries.IntegrationTests\BaSys.FluentQueries.IntegrationTests.csproj", "{761AA1B2-0DC3-43FC-835B-E64290B8B90F}"
EndProject
Project("{9A19103F-16F7-4668-BE54-9A1E7A4F7556}") = "BaSys.DAL.Models", "src\BaSys.DAL.Models\BaSys.DAL.Models.csproj", "{6FFD107D-3181-4262-AB43-C17329672604}"
EndProject
Project("{9A19103F-16F7-4668-BE54-9A1E7A4F7556}") = "BaSys.DTO", "src\BaSys.DTO\BaSys.DTO.csproj", "{B4704347-0C4A-4FD9-9149-A921915BB813}"
EndProject
Project("{9A19103F-16F7-4668-BE54-9A1E7A4F7556}") = "BaSys.Logging", "src\BaSys.Logging\BaSys.Logging.csproj", "{CBAC2DFC-64A4-452A-9761-253CD1468605}"
EndProject
Project("{9A19103F-16F7-4668-BE54-9A1E7A4F7556}") = "BaSys.PublicAPI", "src\BaSys.PublicAPI\BaSys.PublicAPI.csproj", "{95AD0C83-49C2-4250-9954-A801168169D4}"
EndProject
Project("{9A19103F-16F7-4668-BE54-9A1E7A4F7556}") = "BaSys.PublicApi.IntegrationTests", "test\BaSys.PublicApi.IntegrationTests\BaSys.PublicApi.IntegrationTests.csproj", "{BB7FAF28-6D42-4004-87E3-E56538E7951F}"
EndProject
Project("{FAE04EC0-301F-11D3-BF4B-00C04F79EFBC}") = "BaSys.Host.DAL.UnitTests", "test\BaSys.Host.DAL.UnitTests\BaSys.Host.DAL.UnitTests.csproj", "{653ADFB9-EFD4-45C0-A02B-1E9C892D44B2}"
EndProject
Project("{FAE04EC0-301F-11D3-BF4B-00C04F79EFBC}") = "BaSys.FileStorage", "src\BaSys.FileStorage\BaSys.FileStorage.csproj", "{E639C4A2-2347-416D-95C0-AD85F554B657}"
EndProject
Global
	GlobalSection(SolutionConfigurationPlatforms) = preSolution
		Debug|Any CPU = Debug|Any CPU
		Release|Any CPU = Release|Any CPU
	EndGlobalSection
	GlobalSection(ProjectConfigurationPlatforms) = postSolution
		{92CC1CAD-943C-41D6-A510-99EE98BADDB4}.Debug|Any CPU.ActiveCfg = Debug|Any CPU
		{92CC1CAD-943C-41D6-A510-99EE98BADDB4}.Debug|Any CPU.Build.0 = Debug|Any CPU
		{92CC1CAD-943C-41D6-A510-99EE98BADDB4}.Release|Any CPU.ActiveCfg = Release|Any CPU
		{92CC1CAD-943C-41D6-A510-99EE98BADDB4}.Release|Any CPU.Build.0 = Release|Any CPU
		{8D0C639E-A726-4AD3-AEDD-8C1B0238FAA9}.Debug|Any CPU.ActiveCfg = Debug|Any CPU
		{8D0C639E-A726-4AD3-AEDD-8C1B0238FAA9}.Debug|Any CPU.Build.0 = Debug|Any CPU
		{8D0C639E-A726-4AD3-AEDD-8C1B0238FAA9}.Release|Any CPU.ActiveCfg = Release|Any CPU
		{8D0C639E-A726-4AD3-AEDD-8C1B0238FAA9}.Release|Any CPU.Build.0 = Release|Any CPU
		{386AC061-A817-479E-B34E-A0326DFAAA02}.Debug|Any CPU.ActiveCfg = Debug|Any CPU
		{386AC061-A817-479E-B34E-A0326DFAAA02}.Debug|Any CPU.Build.0 = Debug|Any CPU
		{386AC061-A817-479E-B34E-A0326DFAAA02}.Release|Any CPU.ActiveCfg = Release|Any CPU
		{386AC061-A817-479E-B34E-A0326DFAAA02}.Release|Any CPU.Build.0 = Release|Any CPU
		{9C8B7B64-250B-42B5-A686-919C9824ECE2}.Debug|Any CPU.ActiveCfg = Debug|Any CPU
		{9C8B7B64-250B-42B5-A686-919C9824ECE2}.Debug|Any CPU.Build.0 = Debug|Any CPU
		{9C8B7B64-250B-42B5-A686-919C9824ECE2}.Release|Any CPU.ActiveCfg = Release|Any CPU
		{9C8B7B64-250B-42B5-A686-919C9824ECE2}.Release|Any CPU.Build.0 = Release|Any CPU
		{A60EC1E9-92A5-4BD9-A012-39F94243C867}.Debug|Any CPU.ActiveCfg = Debug|Any CPU
		{A60EC1E9-92A5-4BD9-A012-39F94243C867}.Debug|Any CPU.Build.0 = Debug|Any CPU
		{A60EC1E9-92A5-4BD9-A012-39F94243C867}.Release|Any CPU.ActiveCfg = Release|Any CPU
		{A60EC1E9-92A5-4BD9-A012-39F94243C867}.Release|Any CPU.Build.0 = Release|Any CPU
		{37C79953-38E8-4F6E-A6C3-743BC14E87AE}.Debug|Any CPU.ActiveCfg = Debug|Any CPU
		{37C79953-38E8-4F6E-A6C3-743BC14E87AE}.Debug|Any CPU.Build.0 = Debug|Any CPU
		{37C79953-38E8-4F6E-A6C3-743BC14E87AE}.Release|Any CPU.ActiveCfg = Release|Any CPU
		{37C79953-38E8-4F6E-A6C3-743BC14E87AE}.Release|Any CPU.Build.0 = Release|Any CPU
		{A931A3D3-313C-44D4-AA6C-BE8AEDDECD05}.Debug|Any CPU.ActiveCfg = Debug|Any CPU
		{A931A3D3-313C-44D4-AA6C-BE8AEDDECD05}.Debug|Any CPU.Build.0 = Debug|Any CPU
		{A931A3D3-313C-44D4-AA6C-BE8AEDDECD05}.Release|Any CPU.ActiveCfg = Release|Any CPU
		{A931A3D3-313C-44D4-AA6C-BE8AEDDECD05}.Release|Any CPU.Build.0 = Release|Any CPU
		{36F67A48-5F8E-4574-85B3-AE0415C6C2EB}.Debug|Any CPU.ActiveCfg = Debug|Any CPU
		{36F67A48-5F8E-4574-85B3-AE0415C6C2EB}.Debug|Any CPU.Build.0 = Debug|Any CPU
		{36F67A48-5F8E-4574-85B3-AE0415C6C2EB}.Release|Any CPU.ActiveCfg = Release|Any CPU
		{36F67A48-5F8E-4574-85B3-AE0415C6C2EB}.Release|Any CPU.Build.0 = Release|Any CPU
		{446A4AF2-4F85-4E45-BB18-ADD5108A29D7}.Debug|Any CPU.ActiveCfg = Debug|Any CPU
		{446A4AF2-4F85-4E45-BB18-ADD5108A29D7}.Debug|Any CPU.Build.0 = Debug|Any CPU
		{446A4AF2-4F85-4E45-BB18-ADD5108A29D7}.Release|Any CPU.ActiveCfg = Release|Any CPU
		{446A4AF2-4F85-4E45-BB18-ADD5108A29D7}.Release|Any CPU.Build.0 = Release|Any CPU
		{429FA84B-D8BA-47DA-AD05-C6B1306434A4}.Debug|Any CPU.ActiveCfg = Debug|Any CPU
		{429FA84B-D8BA-47DA-AD05-C6B1306434A4}.Debug|Any CPU.Build.0 = Debug|Any CPU
		{429FA84B-D8BA-47DA-AD05-C6B1306434A4}.Release|Any CPU.ActiveCfg = Release|Any CPU
		{429FA84B-D8BA-47DA-AD05-C6B1306434A4}.Release|Any CPU.Build.0 = Release|Any CPU
		{9C112969-8E51-4F9A-A4DD-F81E4D03F0CA}.Debug|Any CPU.ActiveCfg = Debug|Any CPU
		{9C112969-8E51-4F9A-A4DD-F81E4D03F0CA}.Debug|Any CPU.Build.0 = Debug|Any CPU
		{9C112969-8E51-4F9A-A4DD-F81E4D03F0CA}.Release|Any CPU.ActiveCfg = Release|Any CPU
		{9C112969-8E51-4F9A-A4DD-F81E4D03F0CA}.Release|Any CPU.Build.0 = Release|Any CPU
		{93FE5417-D48D-451A-84C6-88FD7CD95D8D}.Debug|Any CPU.ActiveCfg = Debug|Any CPU
		{93FE5417-D48D-451A-84C6-88FD7CD95D8D}.Debug|Any CPU.Build.0 = Debug|Any CPU
		{93FE5417-D48D-451A-84C6-88FD7CD95D8D}.Release|Any CPU.ActiveCfg = Release|Any CPU
		{93FE5417-D48D-451A-84C6-88FD7CD95D8D}.Release|Any CPU.Build.0 = Release|Any CPU
		{18151C66-5707-4350-86D7-64FA839923D8}.Debug|Any CPU.ActiveCfg = Debug|Any CPU
		{18151C66-5707-4350-86D7-64FA839923D8}.Debug|Any CPU.Build.0 = Debug|Any CPU
		{18151C66-5707-4350-86D7-64FA839923D8}.Release|Any CPU.ActiveCfg = Release|Any CPU
		{18151C66-5707-4350-86D7-64FA839923D8}.Release|Any CPU.Build.0 = Release|Any CPU
		{005225FE-8BE7-4423-A739-69B5385CC3D6}.Debug|Any CPU.ActiveCfg = Debug|Any CPU
		{005225FE-8BE7-4423-A739-69B5385CC3D6}.Debug|Any CPU.Build.0 = Debug|Any CPU
		{005225FE-8BE7-4423-A739-69B5385CC3D6}.Release|Any CPU.ActiveCfg = Release|Any CPU
		{005225FE-8BE7-4423-A739-69B5385CC3D6}.Release|Any CPU.Build.0 = Release|Any CPU
		{626B8FE0-6113-4484-BD83-3B135B4983F9}.Debug|Any CPU.ActiveCfg = Debug|Any CPU
		{626B8FE0-6113-4484-BD83-3B135B4983F9}.Debug|Any CPU.Build.0 = Debug|Any CPU
		{626B8FE0-6113-4484-BD83-3B135B4983F9}.Release|Any CPU.ActiveCfg = Release|Any CPU
		{626B8FE0-6113-4484-BD83-3B135B4983F9}.Release|Any CPU.Build.0 = Release|Any CPU
		{659044F9-BA09-4290-BB21-FB360ED54F8A}.Debug|Any CPU.ActiveCfg = Debug|Any CPU
		{659044F9-BA09-4290-BB21-FB360ED54F8A}.Debug|Any CPU.Build.0 = Debug|Any CPU
		{659044F9-BA09-4290-BB21-FB360ED54F8A}.Release|Any CPU.ActiveCfg = Release|Any CPU
		{659044F9-BA09-4290-BB21-FB360ED54F8A}.Release|Any CPU.Build.0 = Release|Any CPU
		{761AA1B2-0DC3-43FC-835B-E64290B8B90F}.Debug|Any CPU.ActiveCfg = Debug|Any CPU
		{761AA1B2-0DC3-43FC-835B-E64290B8B90F}.Debug|Any CPU.Build.0 = Debug|Any CPU
		{761AA1B2-0DC3-43FC-835B-E64290B8B90F}.Release|Any CPU.ActiveCfg = Release|Any CPU
		{761AA1B2-0DC3-43FC-835B-E64290B8B90F}.Release|Any CPU.Build.0 = Release|Any CPU
		{6FFD107D-3181-4262-AB43-C17329672604}.Debug|Any CPU.ActiveCfg = Debug|Any CPU
		{6FFD107D-3181-4262-AB43-C17329672604}.Debug|Any CPU.Build.0 = Debug|Any CPU
		{6FFD107D-3181-4262-AB43-C17329672604}.Release|Any CPU.ActiveCfg = Release|Any CPU
		{6FFD107D-3181-4262-AB43-C17329672604}.Release|Any CPU.Build.0 = Release|Any CPU
		{B4704347-0C4A-4FD9-9149-A921915BB813}.Debug|Any CPU.ActiveCfg = Debug|Any CPU
		{B4704347-0C4A-4FD9-9149-A921915BB813}.Debug|Any CPU.Build.0 = Debug|Any CPU
		{B4704347-0C4A-4FD9-9149-A921915BB813}.Release|Any CPU.ActiveCfg = Release|Any CPU
		{B4704347-0C4A-4FD9-9149-A921915BB813}.Release|Any CPU.Build.0 = Release|Any CPU
		{CBAC2DFC-64A4-452A-9761-253CD1468605}.Debug|Any CPU.ActiveCfg = Debug|Any CPU
		{CBAC2DFC-64A4-452A-9761-253CD1468605}.Debug|Any CPU.Build.0 = Debug|Any CPU
		{CBAC2DFC-64A4-452A-9761-253CD1468605}.Release|Any CPU.ActiveCfg = Release|Any CPU
		{CBAC2DFC-64A4-452A-9761-253CD1468605}.Release|Any CPU.Build.0 = Release|Any CPU
		{95AD0C83-49C2-4250-9954-A801168169D4}.Debug|Any CPU.ActiveCfg = Debug|Any CPU
		{95AD0C83-49C2-4250-9954-A801168169D4}.Debug|Any CPU.Build.0 = Debug|Any CPU
		{95AD0C83-49C2-4250-9954-A801168169D4}.Release|Any CPU.ActiveCfg = Release|Any CPU
		{95AD0C83-49C2-4250-9954-A801168169D4}.Release|Any CPU.Build.0 = Release|Any CPU
		{BB7FAF28-6D42-4004-87E3-E56538E7951F}.Debug|Any CPU.ActiveCfg = Debug|Any CPU
		{BB7FAF28-6D42-4004-87E3-E56538E7951F}.Debug|Any CPU.Build.0 = Debug|Any CPU
		{BB7FAF28-6D42-4004-87E3-E56538E7951F}.Release|Any CPU.ActiveCfg = Release|Any CPU
		{BB7FAF28-6D42-4004-87E3-E56538E7951F}.Release|Any CPU.Build.0 = Release|Any CPU
		{E639C4A2-2347-416D-95C0-AD85F554B657}.Debug|Any CPU.ActiveCfg = Debug|Any CPU
		{E639C4A2-2347-416D-95C0-AD85F554B657}.Debug|Any CPU.Build.0 = Debug|Any CPU
		{E639C4A2-2347-416D-95C0-AD85F554B657}.Release|Any CPU.ActiveCfg = Release|Any CPU
		{E639C4A2-2347-416D-95C0-AD85F554B657}.Release|Any CPU.Build.0 = Release|Any CPU
		{653ADFB9-EFD4-45C0-A02B-1E9C892D44B2}.Debug|Any CPU.ActiveCfg = Debug|Any CPU
		{653ADFB9-EFD4-45C0-A02B-1E9C892D44B2}.Debug|Any CPU.Build.0 = Debug|Any CPU
		{653ADFB9-EFD4-45C0-A02B-1E9C892D44B2}.Release|Any CPU.ActiveCfg = Release|Any CPU
		{653ADFB9-EFD4-45C0-A02B-1E9C892D44B2}.Release|Any CPU.Build.0 = Release|Any CPU
	EndGlobalSection
	GlobalSection(SolutionProperties) = preSolution
		HideSolutionNode = FALSE
	EndGlobalSection
	GlobalSection(NestedProjects) = preSolution
		{92CC1CAD-943C-41D6-A510-99EE98BADDB4} = {0271BDA0-88FC-4672-A96C-3986061802E6}
		{8D0C639E-A726-4AD3-AEDD-8C1B0238FAA9} = {0271BDA0-88FC-4672-A96C-3986061802E6}
		{386AC061-A817-479E-B34E-A0326DFAAA02} = {0271BDA0-88FC-4672-A96C-3986061802E6}
		{9C8B7B64-250B-42B5-A686-919C9824ECE2} = {0271BDA0-88FC-4672-A96C-3986061802E6}
		{A60EC1E9-92A5-4BD9-A012-39F94243C867} = {8D015793-546A-4605-B235-CB595FD6061C}
		{37C79953-38E8-4F6E-A6C3-743BC14E87AE} = {0271BDA0-88FC-4672-A96C-3986061802E6}
		{A931A3D3-313C-44D4-AA6C-BE8AEDDECD05} = {0271BDA0-88FC-4672-A96C-3986061802E6}
		{36F67A48-5F8E-4574-85B3-AE0415C6C2EB} = {0271BDA0-88FC-4672-A96C-3986061802E6}
		{446A4AF2-4F85-4E45-BB18-ADD5108A29D7} = {0271BDA0-88FC-4672-A96C-3986061802E6}
		{429FA84B-D8BA-47DA-AD05-C6B1306434A4} = {0271BDA0-88FC-4672-A96C-3986061802E6}
		{9C112969-8E51-4F9A-A4DD-F81E4D03F0CA} = {0271BDA0-88FC-4672-A96C-3986061802E6}
		{93FE5417-D48D-451A-84C6-88FD7CD95D8D} = {0271BDA0-88FC-4672-A96C-3986061802E6}
		{18151C66-5707-4350-86D7-64FA839923D8} = {0271BDA0-88FC-4672-A96C-3986061802E6}
		{005225FE-8BE7-4423-A739-69B5385CC3D6} = {8D015793-546A-4605-B235-CB595FD6061C}
		{626B8FE0-6113-4484-BD83-3B135B4983F9} = {0271BDA0-88FC-4672-A96C-3986061802E6}
		{659044F9-BA09-4290-BB21-FB360ED54F8A} = {0271BDA0-88FC-4672-A96C-3986061802E6}
		{761AA1B2-0DC3-43FC-835B-E64290B8B90F} = {8D015793-546A-4605-B235-CB595FD6061C}
		{6FFD107D-3181-4262-AB43-C17329672604} = {0271BDA0-88FC-4672-A96C-3986061802E6}
		{B4704347-0C4A-4FD9-9149-A921915BB813} = {0271BDA0-88FC-4672-A96C-3986061802E6}
		{CBAC2DFC-64A4-452A-9761-253CD1468605} = {0271BDA0-88FC-4672-A96C-3986061802E6}
		{95AD0C83-49C2-4250-9954-A801168169D4} = {0271BDA0-88FC-4672-A96C-3986061802E6}
		{BB7FAF28-6D42-4004-87E3-E56538E7951F} = {8D015793-546A-4605-B235-CB595FD6061C}
		{E639C4A2-2347-416D-95C0-AD85F554B657} = {0271BDA0-88FC-4672-A96C-3986061802E6}
		{653ADFB9-EFD4-45C0-A02B-1E9C892D44B2} = {8D015793-546A-4605-B235-CB595FD6061C}
	EndGlobalSection
	GlobalSection(ExtensibilityGlobals) = postSolution
		SolutionGuid = {363BB08F-378B-4D54-914F-51ACDC6A7B23}
	EndGlobalSection
EndGlobal
