
Microsoft Visual Studio Solution File, Format Version 12.00
# Visual Studio Version 17
VisualStudioVersion = 17.8.34525.116
MinimumVisualStudioVersion = 10.0.40219.1
Project("{2150E333-8FDC-42A3-9474-1A3956D46DE8}") = "src", "src", "{0271BDA0-88FC-4672-A96C-3986061802E6}"
EndProject
Project("{2150E333-8FDC-42A3-9474-1A3956D46DE8}") = "test", "test", "{8D015793-546A-4605-B235-CB595FD6061C}"
EndProject
Project("{9A19103F-16F7-4668-BE54-9A1E7A4F7556}") = "BaSys.Host", "src\BaSys.Host\BaSys.Host.csproj", "{92CC1CAD-943C-41D6-A510-99EE98BADDB4}"
EndProject
Project("{9A19103F-16F7-4668-BE54-9A1E7A4F7556}") = "BaSys.SuperAdmin", "src\BaSys.SuperAdmin\BaSys.SuperAdmin.csproj", "{8D0C639E-A726-4AD3-AEDD-8C1B0238FAA9}"
EndProject
Project("{9A19103F-16F7-4668-BE54-9A1E7A4F7556}") = "BaSys.Shared", "src\BaSys.Shared\BaSys.Shared.csproj", "{386AC061-A817-479E-B34E-A0326DFAAA02}"
EndProject
Project("{FAE04EC0-301F-11D3-BF4B-00C04F79EFBC}") = "BaSys.Admin", "src\BaSys.Admin\BaSys.Admin.csproj", "{9C8B7B64-250B-42B5-A686-919C9824ECE2}"
EndProject
Global
	GlobalSection(SolutionConfigurationPlatforms) = preSolution
		Debug|Any CPU = Debug|Any CPU
		Release|Any CPU = Release|Any CPU
	EndGlobalSection
	GlobalSection(ProjectConfigurationPlatforms) = postSolution
		{92CC1CAD-943C-41D6-A510-99EE98BADDB4}.Debug|Any CPU.ActiveCfg = Debug|Any CPU
		{92CC1CAD-943C-41D6-A510-99EE98BADDB4}.Debug|Any CPU.Build.0 = Debug|Any CPU
		{92CC1CAD-943C-41D6-A510-99EE98BADDB4}.Release|Any CPU.ActiveCfg = Release|Any CPU
		{92CC1CAD-943C-41D6-A510-99EE98BADDB4}.Release|Any CPU.Build.0 = Release|Any CPU
		{8D0C639E-A726-4AD3-AEDD-8C1B0238FAA9}.Debug|Any CPU.ActiveCfg = Debug|Any CPU
		{8D0C639E-A726-4AD3-AEDD-8C1B0238FAA9}.Debug|Any CPU.Build.0 = Debug|Any CPU
		{8D0C639E-A726-4AD3-AEDD-8C1B0238FAA9}.Release|Any CPU.ActiveCfg = Release|Any CPU
		{8D0C639E-A726-4AD3-AEDD-8C1B0238FAA9}.Release|Any CPU.Build.0 = Release|Any CPU
		{386AC061-A817-479E-B34E-A0326DFAAA02}.Debug|Any CPU.ActiveCfg = Debug|Any CPU
		{386AC061-A817-479E-B34E-A0326DFAAA02}.Debug|Any CPU.Build.0 = Debug|Any CPU
		{386AC061-A817-479E-B34E-A0326DFAAA02}.Release|Any CPU.ActiveCfg = Release|Any CPU
		{386AC061-A817-479E-B34E-A0326DFAAA02}.Release|Any CPU.Build.0 = Release|Any CPU
		{9C8B7B64-250B-42B5-A686-919C9824ECE2}.Debug|Any CPU.ActiveCfg = Debug|Any CPU
		{9C8B7B64-250B-42B5-A686-919C9824ECE2}.Debug|Any CPU.Build.0 = Debug|Any CPU
		{9C8B7B64-250B-42B5-A686-919C9824ECE2}.Release|Any CPU.ActiveCfg = Release|Any CPU
		{9C8B7B64-250B-42B5-A686-919C9824ECE2}.Release|Any CPU.Build.0 = Release|Any CPU
	EndGlobalSection
	GlobalSection(SolutionProperties) = preSolution
		HideSolutionNode = FALSE
	EndGlobalSection
	GlobalSection(NestedProjects) = preSolution
		{92CC1CAD-943C-41D6-A510-99EE98BADDB4} = {0271BDA0-88FC-4672-A96C-3986061802E6}
		{8D0C639E-A726-4AD3-AEDD-8C1B0238FAA9} = {0271BDA0-88FC-4672-A96C-3986061802E6}
		{386AC061-A817-479E-B34E-A0326DFAAA02} = {0271BDA0-88FC-4672-A96C-3986061802E6}
		{9C8B7B64-250B-42B5-A686-919C9824ECE2} = {0271BDA0-88FC-4672-A96C-3986061802E6}
	EndGlobalSection
	GlobalSection(ExtensibilityGlobals) = postSolution
		SolutionGuid = {363BB08F-378B-4D54-914F-51ACDC6A7B23}
	EndGlobalSection
EndGlobal
